
Microsoft Visual Studio Solution File, Format Version 12.00
# Visual Studio Version 16
VisualStudioVersion = 16.0.31019.35
MinimumVisualStudioVersion = 10.0.40219.1
Project("{FAE04EC0-301F-11D3-BF4B-00C04F79EFBC}") = "Semana7App.Android", "Semana7App.Android\Semana7App.Android.csproj", "{1FBFF1DA-8B85-45C6-8DAF-1DAF03B9EE86}"
EndProject
Project("{FAE04EC0-301F-11D3-BF4B-00C04F79EFBC}") = "Semana7App.iOS", "Semana7App.iOS\Semana7App.iOS.csproj", "{82644454-4D39-4092-B189-41522B67F513}"
EndProject
Project("{FAE04EC0-301F-11D3-BF4B-00C04F79EFBC}") = "Semana7App", "Semana7App\Semana7App.csproj", "{9B21CF1F-8EF7-4E4C-AF4A-C855AF98163B}"
EndProject
Global
	GlobalSection(SolutionConfigurationPlatforms) = preSolution
		Debug|Any CPU = Debug|Any CPU
		Debug|iPhone = Debug|iPhone
		Debug|iPhoneSimulator = Debug|iPhoneSimulator
		Release|Any CPU = Release|Any CPU
		Release|iPhone = Release|iPhone
		Release|iPhoneSimulator = Release|iPhoneSimulator
	EndGlobalSection
	GlobalSection(ProjectConfigurationPlatforms) = postSolution
		{1FBFF1DA-8B85-45C6-8DAF-1DAF03B9EE86}.Debug|Any CPU.ActiveCfg = Debug|Any CPU
		{1FBFF1DA-8B85-45C6-8DAF-1DAF03B9EE86}.Debug|Any CPU.Build.0 = Debug|Any CPU
		{1FBFF1DA-8B85-45C6-8DAF-1DAF03B9EE86}.Debug|Any CPU.Deploy.0 = Debug|Any CPU
		{1FBFF1DA-8B85-45C6-8DAF-1DAF03B9EE86}.Debug|iPhone.ActiveCfg = Debug|Any CPU
		{1FBFF1DA-8B85-45C6-8DAF-1DAF03B9EE86}.Debug|iPhone.Build.0 = Debug|Any CPU
		{1FBFF1DA-8B85-45C6-8DAF-1DAF03B9EE86}.Debug|iPhone.Deploy.0 = Debug|Any CPU
		{1FBFF1DA-8B85-45C6-8DAF-1DAF03B9EE86}.Debug|iPhoneSimulator.ActiveCfg = Debug|Any CPU
		{1FBFF1DA-8B85-45C6-8DAF-1DAF03B9EE86}.Debug|iPhoneSimulator.Build.0 = Debug|Any CPU
		{1FBFF1DA-8B85-45C6-8DAF-1DAF03B9EE86}.Debug|iPhoneSimulator.Deploy.0 = Debug|Any CPU
		{1FBFF1DA-8B85-45C6-8DAF-1DAF03B9EE86}.Release|Any CPU.ActiveCfg = Release|Any CPU
		{1FBFF1DA-8B85-45C6-8DAF-1DAF03B9EE86}.Release|Any CPU.Build.0 = Release|Any CPU
		{1FBFF1DA-8B85-45C6-8DAF-1DAF03B9EE86}.Release|Any CPU.Deploy.0 = Release|Any CPU
		{1FBFF1DA-8B85-45C6-8DAF-1DAF03B9EE86}.Release|iPhone.ActiveCfg = Release|Any CPU
		{1FBFF1DA-8B85-45C6-8DAF-1DAF03B9EE86}.Release|iPhone.Build.0 = Release|Any CPU
		{1FBFF1DA-8B85-45C6-8DAF-1DAF03B9EE86}.Release|iPhone.Deploy.0 = Release|Any CPU
		{1FBFF1DA-8B85-45C6-8DAF-1DAF03B9EE86}.Release|iPhoneSimulator.ActiveCfg = Release|Any CPU
		{1FBFF1DA-8B85-45C6-8DAF-1DAF03B9EE86}.Release|iPhoneSimulator.Build.0 = Release|Any CPU
		{1FBFF1DA-8B85-45C6-8DAF-1DAF03B9EE86}.Release|iPhoneSimulator.Deploy.0 = Release|Any CPU
		{82644454-4D39-4092-B189-41522B67F513}.Debug|Any CPU.ActiveCfg = Debug|iPhone
		{82644454-4D39-4092-B189-41522B67F513}.Debug|Any CPU.Build.0 = Debug|iPhone
		{82644454-4D39-4092-B189-41522B67F513}.Debug|Any CPU.Deploy.0 = Debug|iPhone
		{82644454-4D39-4092-B189-41522B67F513}.Debug|iPhone.ActiveCfg = Debug|iPhone
		{82644454-4D39-4092-B189-41522B67F513}.Debug|iPhone.Build.0 = Debug|iPhone
		{82644454-4D39-4092-B189-41522B67F513}.Debug|iPhone.Deploy.0 = Debug|iPhone
		{82644454-4D39-4092-B189-41522B67F513}.Debug|iPhoneSimulator.ActiveCfg = Debug|iPhoneSimulator
		{82644454-4D39-4092-B189-41522B67F513}.Debug|iPhoneSimulator.Build.0 = Debug|iPhoneSimulator
		{82644454-4D39-4092-B189-41522B67F513}.Debug|iPhoneSimulator.Deploy.0 = Debug|iPhoneSimulator
		{82644454-4D39-4092-B189-41522B67F513}.Release|Any CPU.ActiveCfg = Release|iPhoneSimulator
		{82644454-4D39-4092-B189-41522B67F513}.Release|Any CPU.Build.0 = Release|iPhoneSimulator
		{82644454-4D39-4092-B189-41522B67F513}.Release|Any CPU.Deploy.0 = Release|iPhoneSimulator
		{82644454-4D39-4092-B189-41522B67F513}.Release|iPhone.ActiveCfg = Release|iPhone
		{82644454-4D39-4092-B189-41522B67F513}.Release|iPhone.Build.0 = Release|iPhone
		{82644454-4D39-4092-B189-41522B67F513}.Release|iPhone.Deploy.0 = Release|iPhone
		{82644454-4D39-4092-B189-41522B67F513}.Release|iPhoneSimulator.ActiveCfg = Release|iPhoneSimulator
		{82644454-4D39-4092-B189-41522B67F513}.Release|iPhoneSimulator.Build.0 = Release|iPhoneSimulator
		{82644454-4D39-4092-B189-41522B67F513}.Release|iPhoneSimulator.Deploy.0 = Release|iPhoneSimulator
		{9B21CF1F-8EF7-4E4C-AF4A-C855AF98163B}.Debug|Any CPU.ActiveCfg = Debug|Any CPU
		{9B21CF1F-8EF7-4E4C-AF4A-C855AF98163B}.Debug|Any CPU.Build.0 = Debug|Any CPU
		{9B21CF1F-8EF7-4E4C-AF4A-C855AF98163B}.Debug|Any CPU.Deploy.0 = Debug|Any CPU
		{9B21CF1F-8EF7-4E4C-AF4A-C855AF98163B}.Debug|iPhone.ActiveCfg = Debug|Any CPU
		{9B21CF1F-8EF7-4E4C-AF4A-C855AF98163B}.Debug|iPhone.Build.0 = Debug|Any CPU
		{9B21CF1F-8EF7-4E4C-AF4A-C855AF98163B}.Debug|iPhone.Deploy.0 = Debug|Any CPU
		{9B21CF1F-8EF7-4E4C-AF4A-C855AF98163B}.Debug|iPhoneSimulator.ActiveCfg = Debug|Any CPU
		{9B21CF1F-8EF7-4E4C-AF4A-C855AF98163B}.Debug|iPhoneSimulator.Build.0 = Debug|Any CPU
		{9B21CF1F-8EF7-4E4C-AF4A-C855AF98163B}.Debug|iPhoneSimulator.Deploy.0 = Debug|Any CPU
		{9B21CF1F-8EF7-4E4C-AF4A-C855AF98163B}.Release|Any CPU.ActiveCfg = Release|Any CPU
		{9B21CF1F-8EF7-4E4C-AF4A-C855AF98163B}.Release|Any CPU.Build.0 = Release|Any CPU
		{9B21CF1F-8EF7-4E4C-AF4A-C855AF98163B}.Release|Any CPU.Deploy.0 = Release|Any CPU
		{9B21CF1F-8EF7-4E4C-AF4A-C855AF98163B}.Release|iPhone.ActiveCfg = Release|Any CPU
		{9B21CF1F-8EF7-4E4C-AF4A-C855AF98163B}.Release|iPhone.Build.0 = Release|Any CPU
		{9B21CF1F-8EF7-4E4C-AF4A-C855AF98163B}.Release|iPhone.Deploy.0 = Release|Any CPU
		{9B21CF1F-8EF7-4E4C-AF4A-C855AF98163B}.Release|iPhoneSimulator.ActiveCfg = Release|Any CPU
		{9B21CF1F-8EF7-4E4C-AF4A-C855AF98163B}.Release|iPhoneSimulator.Build.0 = Release|Any CPU
		{9B21CF1F-8EF7-4E4C-AF4A-C855AF98163B}.Release|iPhoneSimulator.Deploy.0 = Release|Any CPU
	EndGlobalSection
	GlobalSection(SolutionProperties) = preSolution
		HideSolutionNode = FALSE
	EndGlobalSection
	GlobalSection(ExtensibilityGlobals) = postSolution
		SolutionGuid = {65168C43-254E-491D-AEA2-CAE8EE2B1720}
	EndGlobalSection
EndGlobal
